
Microsoft Visual Studio Solution File, Format Version 11.00
# Visual Studio 2010
Project("{8BC9CEB8-8B4A-11D0-8D11-00A0C91BC942}") = "MonitorDll", "MonitorDll\MonitorDll.vcxproj", "{5235C303-44EE-4E11-B12A-3D4862D12E2D}"
EndProject
Project("{8BC9CEB8-8B4A-11D0-8D11-00A0C91BC942}") = "MonitorDllWindow", "MonitorDllWindow\MonitorDllWindow.vcxproj", "{947C9C9E-BA7F-479B-A58F-8305E0BAB19E}"
EndProject
Global
	GlobalSection(SolutionConfigurationPlatforms) = preSolution
		Debug|Win32 = Debug|Win32
		Release|Win32 = Release|Win32
	EndGlobalSection
	GlobalSection(ProjectConfigurationPlatforms) = postSolution
		{5235C303-44EE-4E11-B12A-3D4862D12E2D}.Debug|Win32.ActiveCfg = Debug|Win32
		{5235C303-44EE-4E11-B12A-3D4862D12E2D}.Debug|Win32.Build.0 = Debug|Win32
		{5235C303-44EE-4E11-B12A-3D4862D12E2D}.Release|Win32.ActiveCfg = Release|Win32
		{5235C303-44EE-4E11-B12A-3D4862D12E2D}.Release|Win32.Build.0 = Release|Win32
		{947C9C9E-BA7F-479B-A58F-8305E0BAB19E}.Debug|Win32.ActiveCfg = Debug|Win32
		{947C9C9E-BA7F-479B-A58F-8305E0BAB19E}.Debug|Win32.Build.0 = Debug|Win32
		{947C9C9E-BA7F-479B-A58F-8305E0BAB19E}.Release|Win32.ActiveCfg = Release|Win32
		{947C9C9E-BA7F-479B-A58F-8305E0BAB19E}.Release|Win32.Build.0 = Release|Win32
	EndGlobalSection
	GlobalSection(SolutionProperties) = preSolution
		HideSolutionNode = FALSE
	EndGlobalSection
EndGlobal
