
Microsoft Visual Studio Solution File, Format Version 11.00
# Visual Studio 2010
Project("{8BC9CEB8-8B4A-11D0-8D11-00A0C91BC942}") = "HookWindow", "HookWindow\HookWindow.vcxproj", "{B84672EB-2682-4CC2-A42A-73077362B5D9}"
EndProject
Project("{8BC9CEB8-8B4A-11D0-8D11-00A0C91BC942}") = "HookDll", "HookDll\HookDll.vcxproj", "{E20EBC54-2530-42E4-ADF5-290D62F30C9D}"
EndProject
Global
	GlobalSection(SolutionConfigurationPlatforms) = preSolution
		Debug|Win32 = Debug|Win32
		Release|Win32 = Release|Win32
	EndGlobalSection
	GlobalSection(ProjectConfigurationPlatforms) = postSolution
		{B84672EB-2682-4CC2-A42A-73077362B5D9}.Debug|Win32.ActiveCfg = Debug|Win32
		{B84672EB-2682-4CC2-A42A-73077362B5D9}.Debug|Win32.Build.0 = Debug|Win32
		{B84672EB-2682-4CC2-A42A-73077362B5D9}.Release|Win32.ActiveCfg = Release|Win32
		{B84672EB-2682-4CC2-A42A-73077362B5D9}.Release|Win32.Build.0 = Release|Win32
		{E20EBC54-2530-42E4-ADF5-290D62F30C9D}.Debug|Win32.ActiveCfg = Debug|Win32
		{E20EBC54-2530-42E4-ADF5-290D62F30C9D}.Debug|Win32.Build.0 = Debug|Win32
		{E20EBC54-2530-42E4-ADF5-290D62F30C9D}.Release|Win32.ActiveCfg = Release|Win32
		{E20EBC54-2530-42E4-ADF5-290D62F30C9D}.Release|Win32.Build.0 = Release|Win32
	EndGlobalSection
	GlobalSection(SolutionProperties) = preSolution
		HideSolutionNode = FALSE
	EndGlobalSection
EndGlobal
