
Microsoft Visual Studio Solution File, Format Version 11.00
# Visual Studio 2010
Project("{8BC9CEB8-8B4A-11D0-8D11-00A0C91BC942}") = "HookMessageboxWindow", "HookMessageboxWindow\HookMessageboxWindow.vcxproj", "{078D5915-9456-42C0-8D78-0B6B6E7C2CEC}"
EndProject
Global
	GlobalSection(SolutionConfigurationPlatforms) = preSolution
		Debug|Win32 = Debug|Win32
		Release|Win32 = Release|Win32
	EndGlobalSection
	GlobalSection(ProjectConfigurationPlatforms) = postSolution
		{078D5915-9456-42C0-8D78-0B6B6E7C2CEC}.Debug|Win32.ActiveCfg = Debug|Win32
		{078D5915-9456-42C0-8D78-0B6B6E7C2CEC}.Debug|Win32.Build.0 = Debug|Win32
		{078D5915-9456-42C0-8D78-0B6B6E7C2CEC}.Release|Win32.ActiveCfg = Release|Win32
		{078D5915-9456-42C0-8D78-0B6B6E7C2CEC}.Release|Win32.Build.0 = Release|Win32
	EndGlobalSection
	GlobalSection(SolutionProperties) = preSolution
		HideSolutionNode = FALSE
	EndGlobalSection
EndGlobal
