
Microsoft Visual Studio Solution File, Format Version 11.00
# Visual Studio 2010
Project("{8BC9CEB8-8B4A-11D0-8D11-00A0C91BC942}") = "minifilter", "minifilter.vcxproj", "{C59945F0-C4CB-48CB-86C4-5854340D569E}"
EndProject
Global
	GlobalSection(SolutionConfigurationPlatforms) = preSolution
		Debug|Win32 = Debug|Win32
		Release|Win32 = Release|Win32
	EndGlobalSection
	GlobalSection(ProjectConfigurationPlatforms) = postSolution
		{C59945F0-C4CB-48CB-86C4-5854340D569E}.Debug|Win32.ActiveCfg = Debug|Win32
		{C59945F0-C4CB-48CB-86C4-5854340D569E}.Debug|Win32.Build.0 = Debug|Win32
		{C59945F0-C4CB-48CB-86C4-5854340D569E}.Release|Win32.ActiveCfg = Release|Win32
		{C59945F0-C4CB-48CB-86C4-5854340D569E}.Release|Win32.Build.0 = Release|Win32
	EndGlobalSection
	GlobalSection(SolutionProperties) = preSolution
		HideSolutionNode = FALSE
	EndGlobalSection
EndGlobal
